
Microsoft Visual Studio Solution File, Format Version 12.00
# Visual Studio Version 17
VisualStudioVersion = 17.12.35527.113
MinimumVisualStudioVersion = 10.0.40219.1
Project("{FAE04EC0-301F-11D3-BF4B-00C04F79EFBC}") = "ProductsCatalog.Domain", "ProductsCatalog.Core\ProductsCatalog.Domain.csproj", "{152B768F-C679-44D0-9537-B22665762D5B}"
EndProject
Project("{FAE04EC0-301F-11D3-BF4B-00C04F79EFBC}") = "ProductsCatalog.Application", "ProductsCatalog.Application\ProductsCatalog.Application.csproj", "{F6EFE631-8A6B-411D-83F8-F211C80FBF33}"
EndProject
Project("{FAE04EC0-301F-11D3-BF4B-00C04F79EFBC}") = "ProductsCatalog.Infrastructure", "ProductsCatalog.Infrastructure\ProductsCatalog.Infrastructure.csproj", "{CD405922-A9A0-4909-A1D3-7FF36ECC13AA}"
EndProject
Project("{FAE04EC0-301F-11D3-BF4B-00C04F79EFBC}") = "ProductsCatalog.Presentaion", "ProductsCatalog.Presentaion\ProductsCatalog.Presentaion.csproj", "{73DF18EA-9CEE-455C-A92F-2054619AC489}"
EndProject
Global
	GlobalSection(SolutionConfigurationPlatforms) = preSolution
		Debug|Any CPU = Debug|Any CPU
		Release|Any CPU = Release|Any CPU
	EndGlobalSection
	GlobalSection(ProjectConfigurationPlatforms) = postSolution
		{152B768F-C679-44D0-9537-B22665762D5B}.Debug|Any CPU.ActiveCfg = Debug|Any CPU
		{152B768F-C679-44D0-9537-B22665762D5B}.Debug|Any CPU.Build.0 = Debug|Any CPU
		{152B768F-C679-44D0-9537-B22665762D5B}.Release|Any CPU.ActiveCfg = Release|Any CPU
		{152B768F-C679-44D0-9537-B22665762D5B}.Release|Any CPU.Build.0 = Release|Any CPU
		{F6EFE631-8A6B-411D-83F8-F211C80FBF33}.Debug|Any CPU.ActiveCfg = Debug|Any CPU
		{F6EFE631-8A6B-411D-83F8-F211C80FBF33}.Debug|Any CPU.Build.0 = Debug|Any CPU
		{F6EFE631-8A6B-411D-83F8-F211C80FBF33}.Release|Any CPU.ActiveCfg = Release|Any CPU
		{F6EFE631-8A6B-411D-83F8-F211C80FBF33}.Release|Any CPU.Build.0 = Release|Any CPU
		{CD405922-A9A0-4909-A1D3-7FF36ECC13AA}.Debug|Any CPU.ActiveCfg = Debug|Any CPU
		{CD405922-A9A0-4909-A1D3-7FF36ECC13AA}.Debug|Any CPU.Build.0 = Debug|Any CPU
		{CD405922-A9A0-4909-A1D3-7FF36ECC13AA}.Release|Any CPU.ActiveCfg = Release|Any CPU
		{CD405922-A9A0-4909-A1D3-7FF36ECC13AA}.Release|Any CPU.Build.0 = Release|Any CPU
		{73DF18EA-9CEE-455C-A92F-2054619AC489}.Debug|Any CPU.ActiveCfg = Debug|Any CPU
		{73DF18EA-9CEE-455C-A92F-2054619AC489}.Debug|Any CPU.Build.0 = Debug|Any CPU
		{73DF18EA-9CEE-455C-A92F-2054619AC489}.Release|Any CPU.ActiveCfg = Release|Any CPU
		{73DF18EA-9CEE-455C-A92F-2054619AC489}.Release|Any CPU.Build.0 = Release|Any CPU
	EndGlobalSection
	GlobalSection(SolutionProperties) = preSolution
		HideSolutionNode = FALSE
	EndGlobalSection
EndGlobal
